
Microsoft Visual Studio Solution File, Format Version 12.00
# Visual Studio Version 17
VisualStudioVersion = 17.4.33110.190
MinimumVisualStudioVersion = 10.0.40219.1
Project("{8BC9CEB8-8B4A-11D0-8D11-00A0C91BC942}") = "RayTracer", "RayTracer.vcxproj", "{4D5239A5-F4A9-4669-96FE-BBACED8A9EF4}"
EndProject
Global
	GlobalSection(SolutionConfigurationPlatforms) = preSolution
		Debug|x64 = Debug|x64
		Debug|x86 = Debug|x86
		Release|x64 = Release|x64
		Release|x86 = Release|x86
	EndGlobalSection
	GlobalSection(ProjectConfigurationPlatforms) = postSolution
		{4D5239A5-F4A9-4669-96FE-BBACED8A9EF4}.Debug|x64.ActiveCfg = Debug|x64
		{4D5239A5-F4A9-4669-96FE-BBACED8A9EF4}.Debug|x64.Build.0 = Debug|x64
		{4D5239A5-F4A9-4669-96FE-BBACED8A9EF4}.Debug|x86.ActiveCfg = Debug|Win32
		{4D5239A5-F4A9-4669-96FE-BBACED8A9EF4}.Debug|x86.Build.0 = Debug|Win32
		{4D5239A5-F4A9-4669-96FE-BBACED8A9EF4}.Release|x64.ActiveCfg = Release|x64
		{4D5239A5-F4A9-4669-96FE-BBACED8A9EF4}.Release|x64.Build.0 = Release|x64
		{4D5239A5-F4A9-4669-96FE-BBACED8A9EF4}.Release|x86.ActiveCfg = Release|Win32
		{4D5239A5-F4A9-4669-96FE-BBACED8A9EF4}.Release|x86.Build.0 = Release|Win32
	EndGlobalSection
	GlobalSection(SolutionProperties) = preSolution
		HideSolutionNode = FALSE
	EndGlobalSection
	GlobalSection(ExtensibilityGlobals) = postSolution
		SolutionGuid = {0D54E0DA-FEC2-4268-8AA5-BE180D2B8BAC}
	EndGlobalSection
EndGlobal
